
Microsoft Visual Studio Solution File, Format Version 12.00
# Visual Studio 14
VisualStudioVersion = 14.0.25420.1
MinimumVisualStudioVersion = 10.0.40219.1
Project("{2150E333-8FDC-42A3-9474-1A3956D46DE8}") = "src", "src", "{3DC67296-8206-44A8-A0AE-B9A931C9FB4F}"
EndProject
Project("{2150E333-8FDC-42A3-9474-1A3956D46DE8}") = "Solution Items", "Solution Items", "{4D38A3D6-55BC-4F77-B6AE-6FA8A1F154B3}"
	ProjectSection(SolutionItems) = preProject
		global.json = global.json
	EndProjectSection
EndProject
Project("{8BB2217D-0F2D-49D1-97BC-3654ED321F3B}") = "ExamenMVC", "src\ExamenMVC\ExamenMVC.xproj", "{D69582B6-1681-430F-A0A6-9D383AB3DECC}"
EndProject
Global
	GlobalSection(SolutionConfigurationPlatforms) = preSolution
		Debug|Any CPU = Debug|Any CPU
		Release|Any CPU = Release|Any CPU
	EndGlobalSection
	GlobalSection(ProjectConfigurationPlatforms) = postSolution
		{D69582B6-1681-430F-A0A6-9D383AB3DECC}.Debug|Any CPU.ActiveCfg = Debug|Any CPU
		{D69582B6-1681-430F-A0A6-9D383AB3DECC}.Debug|Any CPU.Build.0 = Debug|Any CPU
		{D69582B6-1681-430F-A0A6-9D383AB3DECC}.Release|Any CPU.ActiveCfg = Release|Any CPU
		{D69582B6-1681-430F-A0A6-9D383AB3DECC}.Release|Any CPU.Build.0 = Release|Any CPU
	EndGlobalSection
	GlobalSection(SolutionProperties) = preSolution
		HideSolutionNode = FALSE
	EndGlobalSection
	GlobalSection(NestedProjects) = preSolution
		{D69582B6-1681-430F-A0A6-9D383AB3DECC} = {3DC67296-8206-44A8-A0AE-B9A931C9FB4F}
	EndGlobalSection
EndGlobal
